
Microsoft Visual Studio Solution File, Format Version 12.00
# Visual Studio Version 16
VisualStudioVersion = 16.0.31424.327
MinimumVisualStudioVersion = 10.0.40219.1
Project("{9A19103F-16F7-4668-BE54-9A1E7A4F7556}") = "Lesson2_Lesson3", "Lesson2_ClassRoles\Lesson2_Lesson3.csproj", "{53FAF802-FDF2-4206-9F25-EB5D98F0D883}"
EndProject
Project("{9A19103F-16F7-4668-BE54-9A1E7A4F7556}") = "Lesson4", "Lesson4\Lesson4.csproj", "{6F324D47-A683-47AB-9843-31D8CC518085}"
EndProject
Project("{9A19103F-16F7-4668-BE54-9A1E7A4F7556}") = "Lesson5", "Lesson5\Lesson5.csproj", "{D3264049-A840-4725-95F7-2219B2075758}"
EndProject
Project("{FAE04EC0-301F-11D3-BF4B-00C04F79EFBC}") = "Lesson6", "Lesson6\Lesson6.csproj", "{4456A6DE-F6B7-4940-9E82-892CEC06A0BC}"
EndProject
Global
	GlobalSection(SolutionConfigurationPlatforms) = preSolution
		Debug|Any CPU = Debug|Any CPU
		Release|Any CPU = Release|Any CPU
	EndGlobalSection
	GlobalSection(ProjectConfigurationPlatforms) = postSolution
		{53FAF802-FDF2-4206-9F25-EB5D98F0D883}.Debug|Any CPU.ActiveCfg = Debug|Any CPU
		{53FAF802-FDF2-4206-9F25-EB5D98F0D883}.Debug|Any CPU.Build.0 = Debug|Any CPU
		{53FAF802-FDF2-4206-9F25-EB5D98F0D883}.Release|Any CPU.ActiveCfg = Release|Any CPU
		{53FAF802-FDF2-4206-9F25-EB5D98F0D883}.Release|Any CPU.Build.0 = Release|Any CPU
		{6F324D47-A683-47AB-9843-31D8CC518085}.Debug|Any CPU.ActiveCfg = Debug|Any CPU
		{6F324D47-A683-47AB-9843-31D8CC518085}.Debug|Any CPU.Build.0 = Debug|Any CPU
		{6F324D47-A683-47AB-9843-31D8CC518085}.Release|Any CPU.ActiveCfg = Release|Any CPU
		{6F324D47-A683-47AB-9843-31D8CC518085}.Release|Any CPU.Build.0 = Release|Any CPU
		{D3264049-A840-4725-95F7-2219B2075758}.Debug|Any CPU.ActiveCfg = Debug|Any CPU
		{D3264049-A840-4725-95F7-2219B2075758}.Debug|Any CPU.Build.0 = Debug|Any CPU
		{D3264049-A840-4725-95F7-2219B2075758}.Release|Any CPU.ActiveCfg = Release|Any CPU
		{D3264049-A840-4725-95F7-2219B2075758}.Release|Any CPU.Build.0 = Release|Any CPU
		{4456A6DE-F6B7-4940-9E82-892CEC06A0BC}.Debug|Any CPU.ActiveCfg = Debug|Any CPU
		{4456A6DE-F6B7-4940-9E82-892CEC06A0BC}.Debug|Any CPU.Build.0 = Debug|Any CPU
		{4456A6DE-F6B7-4940-9E82-892CEC06A0BC}.Release|Any CPU.ActiveCfg = Release|Any CPU
		{4456A6DE-F6B7-4940-9E82-892CEC06A0BC}.Release|Any CPU.Build.0 = Release|Any CPU
	EndGlobalSection
	GlobalSection(SolutionProperties) = preSolution
		HideSolutionNode = FALSE
	EndGlobalSection
	GlobalSection(ExtensibilityGlobals) = postSolution
		SolutionGuid = {C9A134B9-8339-462A-9AB8-2D0FE845062B}
	EndGlobalSection
EndGlobal
